
Microsoft Visual Studio Solution File, Format Version 12.00
# Visual Studio 15
VisualStudioVersion = 15.0.27703.2026
MinimumVisualStudioVersion = 10.0.40219.1
Project("{2150E333-8FDC-42A3-9474-1A3956D46DE8}") = "Patterns", "Patterns", "{7CC5111F-B5A4-49B0-850F-BEBE9DF7125C}"
EndProject
Project("{FAE04EC0-301F-11D3-BF4B-00C04F79EFBC}") = "FlightProvider.Driver", "src\FlightProvider.Driver\FlightProvider.Driver.csproj", "{32C23DF0-BE08-4690-87C3-FB6493EF5594}"
EndProject
Project("{FAE04EC0-301F-11D3-BF4B-00C04F79EFBC}") = "FlightProvider.Driver.Tests", "src\FlightProvider.Driver.Tests\FlightProvider.Driver.Tests.csproj", "{68059500-2AD5-4168-B8AE-9B327FEF1495}"
EndProject
Project("{FAE04EC0-301F-11D3-BF4B-00C04F79EFBC}") = "MailSender.Driver", "src\MailSender.Driver\MailSender.Driver.csproj", "{6D51769C-DD70-4D31-B92E-40E097E24104}"
EndProject
Project("{FAE04EC0-301F-11D3-BF4B-00C04F79EFBC}") = "MailSender.Driver.Test", "src\MailSender.Driver.Test\MailSender.Driver.Test.csproj", "{5A5B366D-C5B9-4798-BE24-90CFB8D43B6B}"
EndProject
Project("{FAE04EC0-301F-11D3-BF4B-00C04F79EFBC}") = "NHibernate.Example.Driver", "src\NHibernate.Example.Driver\NHibernate.Example.Driver.csproj", "{2F9240E2-B091-4556-B824-CBD6BF4B6499}"
EndProject
Project("{FAE04EC0-301F-11D3-BF4B-00C04F79EFBC}") = "NHibernate.Example.Driver.Test", "src\NHibernate.Example.Driver.Test\NHibernate.Example.Driver.Test.csproj", "{79A23B12-9501-4EF1-8A27-8718D83521D3}"
EndProject
Project("{FAE04EC0-301F-11D3-BF4B-00C04F79EFBC}") = "MyPatern.Driver", "src\MyPatern.Driver\MyPatern.Driver.csproj", "{222A1B93-299C-4210-8851-FE75850F263D}"
EndProject
Project("{FAE04EC0-301F-11D3-BF4B-00C04F79EFBC}") = "MyPatern.Driver.Test", "src\MyPatern.Driver.Test\MyPatern.Driver.Test.csproj", "{922731C1-4227-45C3-B80D-70963D78E446}"
EndProject
Project("{FAE04EC0-301F-11D3-BF4B-00C04F79EFBC}") = "DependencyInjection.Driver", "src\DependencyInjection.Driver\DependencyInjection.Driver.csproj", "{265B7B13-AC7A-4FB6-87B9-3E7394875E13}"
EndProject
Project("{FAE04EC0-301F-11D3-BF4B-00C04F79EFBC}") = "DependencyInjection.Driver.Test", "src\DependencyInjection.Driver.Test\DependencyInjection.Driver.Test.csproj", "{80364C45-F99D-4CB2-84D3-96FB81C7BF53}"
EndProject
Project("{FAE04EC0-301F-11D3-BF4B-00C04F79EFBC}") = "TestProject", "src\TestProject\TestProject.csproj", "{25DA9366-9D75-4005-BE62-64D46A107EA5}"
EndProject
Project("{FAE04EC0-301F-11D3-BF4B-00C04F79EFBC}") = "CarInterfaceTutorial", "src\CarInterfaceTutorial\CarInterfaceTutorial.csproj", "{BCF64B5D-45DA-4B89-8740-A7935FF52D5F}"
EndProject
Project("{FAE04EC0-301F-11D3-BF4B-00C04F79EFBC}") = "MyTeamBuild", "src\MyTeamBuild\MyTeamBuild.csproj", "{E81CFCCE-1FAD-4882-BBC6-8DAC028966F8}"
EndProject
Project("{2150E333-8FDC-42A3-9474-1A3956D46DE8}") = "ConsoleApp", "ConsoleApp", "{A25B2715-676E-4E68-BCA6-1B6553C51FD4}"
EndProject
Project("{FAE04EC0-301F-11D3-BF4B-00C04F79EFBC}") = "ConsoleXmlApp", "src\ConsoleXmlApp\ConsoleXmlApp.csproj", "{AF8C4F3B-BC1B-4AB4-8AF9-82FE6ED77A6B}"
EndProject
Project("{FAE04EC0-301F-11D3-BF4B-00C04F79EFBC}") = "LinqTutorial", "src\LinqTutorial\LinqTutorial.csproj", "{F3C6CEAE-FC35-4704-BDBB-CCF363CBC5E4}"
EndProject
Project("{FAE04EC0-301F-11D3-BF4B-00C04F79EFBC}") = "StaticApp", "src\StaticApp\StaticApp.csproj", "{94862D26-F641-45E0-B82D-24EA54CFCCF8}"
EndProject
Project("{FAE04EC0-301F-11D3-BF4B-00C04F79EFBC}") = "ConstructorApp", "src\ConstructorApp\ConstructorApp.csproj", "{7352E8B9-E1F0-4107-A700-34131A33AED7}"
EndProject
Project("{FAE04EC0-301F-11D3-BF4B-00C04F79EFBC}") = "EncapsulationApp", "src\EncapsulationApp\EncapsulationApp.csproj", "{8DCCEF3D-BE27-47F2-A68E-A31C284B656D}"
EndProject
Project("{FAE04EC0-301F-11D3-BF4B-00C04F79EFBC}") = "EncapsulationProperty", "src\EncapsulationProperty\EncapsulationProperty.csproj", "{7B308522-C054-4345-8B5E-C0F5F8742250}"
EndProject
Project("{FAE04EC0-301F-11D3-BF4B-00C04F79EFBC}") = "InheritanceApp", "src\InheritanceApp\InheritanceApp.csproj", "{1290213D-E5B5-423A-83F4-1CE466C3E6E5}"
EndProject
Project("{FAE04EC0-301F-11D3-BF4B-00C04F79EFBC}") = "FluentDecoratorPattern", "src\FluentDecoratorPattern\FluentDecoratorPattern.csproj", "{48C5F367-32FE-4794-9F42-AB24FC955A42}"
EndProject
Project("{FAE04EC0-301F-11D3-BF4B-00C04F79EFBC}") = "DecoratorPatternPizza", "src\DecoratorPatternPizza\DecoratorPatternPizza.csproj", "{4FAC871D-7B72-468B-B9B4-FE8D6A37479B}"
EndProject
Project("{FAE04EC0-301F-11D3-BF4B-00C04F79EFBC}") = "DecoratorPatternPhoto", "src\DecoratorPatternPhoto\DecoratorPatternPhoto.csproj", "{7D646ADD-2D99-46A2-AAD4-38DBA1B924F4}"
EndProject
Project("{FAE04EC0-301F-11D3-BF4B-00C04F79EFBC}") = "Tutorial.IOC", "src\Tutorial.IOC\Tutorial.IOC.csproj", "{49F210AE-0C53-4130-8F15-27524701F378}"
EndProject
Project("{FAE04EC0-301F-11D3-BF4B-00C04F79EFBC}") = "Tutorial.WindsorExample", "src\Tutorial.WindsorExample\Tutorial.WindsorExample.csproj", "{46F5B401-668D-4CBD-9E90-C0DE4002AEDA}"
EndProject
Project("{FAE04EC0-301F-11D3-BF4B-00C04F79EFBC}") = "Tutorial.MVP", "src\Tutorial.MVP\Tutorial.MVP.csproj", "{C4720743-C86D-4977-A168-3B33C30E1884}"
EndProject
Project("{FAE04EC0-301F-11D3-BF4B-00C04F79EFBC}") = "Tutorial.Singletion", "src\Tutorial.Singletion\Tutorial.Singletion.csproj", "{45BF07FF-2F03-4B26-AB64-A58D8656E67A}"
EndProject
Project("{FAE04EC0-301F-11D3-BF4B-00C04F79EFBC}") = "Sorting", "src\Sorting\Sorting.csproj", "{F8002DF7-BC05-44E9-8EBD-F49B6D52ACFA}"
EndProject
Project("{FAE04EC0-301F-11D3-BF4B-00C04F79EFBC}") = "Tutorial.AsyncConsoleApp", "src\Tutorial.AsyncConsoleApp\Tutorial.AsyncConsoleApp.csproj", "{C8963D2A-2B72-499C-B3D8-A5934CCCB83E}"
EndProject
Project("{FAE04EC0-301F-11D3-BF4B-00C04F79EFBC}") = "Tutorial.GetPropertyNames", "src\Tutorial.GetPropertyNames\Tutorial.GetPropertyNames.csproj", "{76741F45-90D0-4B28-9D95-B4342C0ABDD9}"
EndProject
Project("{FAE04EC0-301F-11D3-BF4B-00C04F79EFBC}") = "Tutorial.RecursiveLinq", "src\Tutorial.RecursiveLinq\Tutorial.RecursiveLinq.csproj", "{A215C199-16A6-4883-BB7C-4450067EA31E}"
EndProject
Global
	GlobalSection(SolutionConfigurationPlatforms) = preSolution
		Debug|Any CPU = Debug|Any CPU
		Release|Any CPU = Release|Any CPU
	EndGlobalSection
	GlobalSection(ProjectConfigurationPlatforms) = postSolution
		{32C23DF0-BE08-4690-87C3-FB6493EF5594}.Debug|Any CPU.ActiveCfg = Debug|Any CPU
		{32C23DF0-BE08-4690-87C3-FB6493EF5594}.Debug|Any CPU.Build.0 = Debug|Any CPU
		{32C23DF0-BE08-4690-87C3-FB6493EF5594}.Release|Any CPU.ActiveCfg = Release|Any CPU
		{32C23DF0-BE08-4690-87C3-FB6493EF5594}.Release|Any CPU.Build.0 = Release|Any CPU
		{68059500-2AD5-4168-B8AE-9B327FEF1495}.Debug|Any CPU.ActiveCfg = Debug|Any CPU
		{68059500-2AD5-4168-B8AE-9B327FEF1495}.Debug|Any CPU.Build.0 = Debug|Any CPU
		{68059500-2AD5-4168-B8AE-9B327FEF1495}.Release|Any CPU.ActiveCfg = Release|Any CPU
		{68059500-2AD5-4168-B8AE-9B327FEF1495}.Release|Any CPU.Build.0 = Release|Any CPU
		{6D51769C-DD70-4D31-B92E-40E097E24104}.Debug|Any CPU.ActiveCfg = Debug|Any CPU
		{6D51769C-DD70-4D31-B92E-40E097E24104}.Debug|Any CPU.Build.0 = Debug|Any CPU
		{6D51769C-DD70-4D31-B92E-40E097E24104}.Release|Any CPU.ActiveCfg = Release|Any CPU
		{6D51769C-DD70-4D31-B92E-40E097E24104}.Release|Any CPU.Build.0 = Release|Any CPU
		{5A5B366D-C5B9-4798-BE24-90CFB8D43B6B}.Debug|Any CPU.ActiveCfg = Debug|Any CPU
		{5A5B366D-C5B9-4798-BE24-90CFB8D43B6B}.Debug|Any CPU.Build.0 = Debug|Any CPU
		{5A5B366D-C5B9-4798-BE24-90CFB8D43B6B}.Release|Any CPU.ActiveCfg = Release|Any CPU
		{5A5B366D-C5B9-4798-BE24-90CFB8D43B6B}.Release|Any CPU.Build.0 = Release|Any CPU
		{2F9240E2-B091-4556-B824-CBD6BF4B6499}.Debug|Any CPU.ActiveCfg = Debug|Any CPU
		{2F9240E2-B091-4556-B824-CBD6BF4B6499}.Debug|Any CPU.Build.0 = Debug|Any CPU
		{2F9240E2-B091-4556-B824-CBD6BF4B6499}.Release|Any CPU.ActiveCfg = Release|Any CPU
		{2F9240E2-B091-4556-B824-CBD6BF4B6499}.Release|Any CPU.Build.0 = Release|Any CPU
		{79A23B12-9501-4EF1-8A27-8718D83521D3}.Debug|Any CPU.ActiveCfg = Debug|Any CPU
		{79A23B12-9501-4EF1-8A27-8718D83521D3}.Debug|Any CPU.Build.0 = Debug|Any CPU
		{79A23B12-9501-4EF1-8A27-8718D83521D3}.Release|Any CPU.ActiveCfg = Release|Any CPU
		{79A23B12-9501-4EF1-8A27-8718D83521D3}.Release|Any CPU.Build.0 = Release|Any CPU
		{222A1B93-299C-4210-8851-FE75850F263D}.Debug|Any CPU.ActiveCfg = Debug|Any CPU
		{222A1B93-299C-4210-8851-FE75850F263D}.Debug|Any CPU.Build.0 = Debug|Any CPU
		{222A1B93-299C-4210-8851-FE75850F263D}.Release|Any CPU.ActiveCfg = Release|Any CPU
		{222A1B93-299C-4210-8851-FE75850F263D}.Release|Any CPU.Build.0 = Release|Any CPU
		{922731C1-4227-45C3-B80D-70963D78E446}.Debug|Any CPU.ActiveCfg = Debug|Any CPU
		{922731C1-4227-45C3-B80D-70963D78E446}.Debug|Any CPU.Build.0 = Debug|Any CPU
		{922731C1-4227-45C3-B80D-70963D78E446}.Release|Any CPU.ActiveCfg = Release|Any CPU
		{922731C1-4227-45C3-B80D-70963D78E446}.Release|Any CPU.Build.0 = Release|Any CPU
		{265B7B13-AC7A-4FB6-87B9-3E7394875E13}.Debug|Any CPU.ActiveCfg = Debug|Any CPU
		{265B7B13-AC7A-4FB6-87B9-3E7394875E13}.Debug|Any CPU.Build.0 = Debug|Any CPU
		{265B7B13-AC7A-4FB6-87B9-3E7394875E13}.Release|Any CPU.ActiveCfg = Release|Any CPU
		{265B7B13-AC7A-4FB6-87B9-3E7394875E13}.Release|Any CPU.Build.0 = Release|Any CPU
		{80364C45-F99D-4CB2-84D3-96FB81C7BF53}.Debug|Any CPU.ActiveCfg = Debug|Any CPU
		{80364C45-F99D-4CB2-84D3-96FB81C7BF53}.Debug|Any CPU.Build.0 = Debug|Any CPU
		{80364C45-F99D-4CB2-84D3-96FB81C7BF53}.Release|Any CPU.ActiveCfg = Release|Any CPU
		{80364C45-F99D-4CB2-84D3-96FB81C7BF53}.Release|Any CPU.Build.0 = Release|Any CPU
		{25DA9366-9D75-4005-BE62-64D46A107EA5}.Debug|Any CPU.ActiveCfg = Debug|Any CPU
		{25DA9366-9D75-4005-BE62-64D46A107EA5}.Debug|Any CPU.Build.0 = Debug|Any CPU
		{25DA9366-9D75-4005-BE62-64D46A107EA5}.Release|Any CPU.ActiveCfg = Release|Any CPU
		{25DA9366-9D75-4005-BE62-64D46A107EA5}.Release|Any CPU.Build.0 = Release|Any CPU
		{BCF64B5D-45DA-4B89-8740-A7935FF52D5F}.Debug|Any CPU.ActiveCfg = Debug|Any CPU
		{BCF64B5D-45DA-4B89-8740-A7935FF52D5F}.Debug|Any CPU.Build.0 = Debug|Any CPU
		{BCF64B5D-45DA-4B89-8740-A7935FF52D5F}.Release|Any CPU.ActiveCfg = Release|Any CPU
		{BCF64B5D-45DA-4B89-8740-A7935FF52D5F}.Release|Any CPU.Build.0 = Release|Any CPU
		{E81CFCCE-1FAD-4882-BBC6-8DAC028966F8}.Debug|Any CPU.ActiveCfg = Debug|Any CPU
		{E81CFCCE-1FAD-4882-BBC6-8DAC028966F8}.Debug|Any CPU.Build.0 = Debug|Any CPU
		{E81CFCCE-1FAD-4882-BBC6-8DAC028966F8}.Release|Any CPU.ActiveCfg = Release|Any CPU
		{E81CFCCE-1FAD-4882-BBC6-8DAC028966F8}.Release|Any CPU.Build.0 = Release|Any CPU
		{AF8C4F3B-BC1B-4AB4-8AF9-82FE6ED77A6B}.Debug|Any CPU.ActiveCfg = Debug|Any CPU
		{AF8C4F3B-BC1B-4AB4-8AF9-82FE6ED77A6B}.Debug|Any CPU.Build.0 = Debug|Any CPU
		{AF8C4F3B-BC1B-4AB4-8AF9-82FE6ED77A6B}.Release|Any CPU.ActiveCfg = Release|Any CPU
		{AF8C4F3B-BC1B-4AB4-8AF9-82FE6ED77A6B}.Release|Any CPU.Build.0 = Release|Any CPU
		{F3C6CEAE-FC35-4704-BDBB-CCF363CBC5E4}.Debug|Any CPU.ActiveCfg = Debug|Any CPU
		{F3C6CEAE-FC35-4704-BDBB-CCF363CBC5E4}.Debug|Any CPU.Build.0 = Debug|Any CPU
		{F3C6CEAE-FC35-4704-BDBB-CCF363CBC5E4}.Release|Any CPU.ActiveCfg = Release|Any CPU
		{F3C6CEAE-FC35-4704-BDBB-CCF363CBC5E4}.Release|Any CPU.Build.0 = Release|Any CPU
		{94862D26-F641-45E0-B82D-24EA54CFCCF8}.Debug|Any CPU.ActiveCfg = Debug|Any CPU
		{94862D26-F641-45E0-B82D-24EA54CFCCF8}.Debug|Any CPU.Build.0 = Debug|Any CPU
		{94862D26-F641-45E0-B82D-24EA54CFCCF8}.Release|Any CPU.ActiveCfg = Release|Any CPU
		{94862D26-F641-45E0-B82D-24EA54CFCCF8}.Release|Any CPU.Build.0 = Release|Any CPU
		{7352E8B9-E1F0-4107-A700-34131A33AED7}.Debug|Any CPU.ActiveCfg = Debug|Any CPU
		{7352E8B9-E1F0-4107-A700-34131A33AED7}.Debug|Any CPU.Build.0 = Debug|Any CPU
		{7352E8B9-E1F0-4107-A700-34131A33AED7}.Release|Any CPU.ActiveCfg = Release|Any CPU
		{7352E8B9-E1F0-4107-A700-34131A33AED7}.Release|Any CPU.Build.0 = Release|Any CPU
		{8DCCEF3D-BE27-47F2-A68E-A31C284B656D}.Debug|Any CPU.ActiveCfg = Debug|Any CPU
		{8DCCEF3D-BE27-47F2-A68E-A31C284B656D}.Debug|Any CPU.Build.0 = Debug|Any CPU
		{8DCCEF3D-BE27-47F2-A68E-A31C284B656D}.Release|Any CPU.ActiveCfg = Release|Any CPU
		{8DCCEF3D-BE27-47F2-A68E-A31C284B656D}.Release|Any CPU.Build.0 = Release|Any CPU
		{7B308522-C054-4345-8B5E-C0F5F8742250}.Debug|Any CPU.ActiveCfg = Debug|Any CPU
		{7B308522-C054-4345-8B5E-C0F5F8742250}.Debug|Any CPU.Build.0 = Debug|Any CPU
		{7B308522-C054-4345-8B5E-C0F5F8742250}.Release|Any CPU.ActiveCfg = Release|Any CPU
		{7B308522-C054-4345-8B5E-C0F5F8742250}.Release|Any CPU.Build.0 = Release|Any CPU
		{1290213D-E5B5-423A-83F4-1CE466C3E6E5}.Debug|Any CPU.ActiveCfg = Debug|Any CPU
		{1290213D-E5B5-423A-83F4-1CE466C3E6E5}.Debug|Any CPU.Build.0 = Debug|Any CPU
		{1290213D-E5B5-423A-83F4-1CE466C3E6E5}.Release|Any CPU.ActiveCfg = Release|Any CPU
		{1290213D-E5B5-423A-83F4-1CE466C3E6E5}.Release|Any CPU.Build.0 = Release|Any CPU
		{48C5F367-32FE-4794-9F42-AB24FC955A42}.Debug|Any CPU.ActiveCfg = Debug|Any CPU
		{48C5F367-32FE-4794-9F42-AB24FC955A42}.Debug|Any CPU.Build.0 = Debug|Any CPU
		{48C5F367-32FE-4794-9F42-AB24FC955A42}.Release|Any CPU.ActiveCfg = Release|Any CPU
		{48C5F367-32FE-4794-9F42-AB24FC955A42}.Release|Any CPU.Build.0 = Release|Any CPU
		{4FAC871D-7B72-468B-B9B4-FE8D6A37479B}.Debug|Any CPU.ActiveCfg = Debug|Any CPU
		{4FAC871D-7B72-468B-B9B4-FE8D6A37479B}.Debug|Any CPU.Build.0 = Debug|Any CPU
		{4FAC871D-7B72-468B-B9B4-FE8D6A37479B}.Release|Any CPU.ActiveCfg = Release|Any CPU
		{4FAC871D-7B72-468B-B9B4-FE8D6A37479B}.Release|Any CPU.Build.0 = Release|Any CPU
		{7D646ADD-2D99-46A2-AAD4-38DBA1B924F4}.Debug|Any CPU.ActiveCfg = Debug|Any CPU
		{7D646ADD-2D99-46A2-AAD4-38DBA1B924F4}.Debug|Any CPU.Build.0 = Debug|Any CPU
		{7D646ADD-2D99-46A2-AAD4-38DBA1B924F4}.Release|Any CPU.ActiveCfg = Release|Any CPU
		{7D646ADD-2D99-46A2-AAD4-38DBA1B924F4}.Release|Any CPU.Build.0 = Release|Any CPU
		{49F210AE-0C53-4130-8F15-27524701F378}.Debug|Any CPU.ActiveCfg = Debug|Any CPU
		{49F210AE-0C53-4130-8F15-27524701F378}.Debug|Any CPU.Build.0 = Debug|Any CPU
		{49F210AE-0C53-4130-8F15-27524701F378}.Release|Any CPU.ActiveCfg = Release|Any CPU
		{49F210AE-0C53-4130-8F15-27524701F378}.Release|Any CPU.Build.0 = Release|Any CPU
		{46F5B401-668D-4CBD-9E90-C0DE4002AEDA}.Debug|Any CPU.ActiveCfg = Debug|Any CPU
		{46F5B401-668D-4CBD-9E90-C0DE4002AEDA}.Debug|Any CPU.Build.0 = Debug|Any CPU
		{46F5B401-668D-4CBD-9E90-C0DE4002AEDA}.Release|Any CPU.ActiveCfg = Release|Any CPU
		{46F5B401-668D-4CBD-9E90-C0DE4002AEDA}.Release|Any CPU.Build.0 = Release|Any CPU
		{C4720743-C86D-4977-A168-3B33C30E1884}.Debug|Any CPU.ActiveCfg = Debug|Any CPU
		{C4720743-C86D-4977-A168-3B33C30E1884}.Debug|Any CPU.Build.0 = Debug|Any CPU
		{C4720743-C86D-4977-A168-3B33C30E1884}.Release|Any CPU.ActiveCfg = Release|Any CPU
		{C4720743-C86D-4977-A168-3B33C30E1884}.Release|Any CPU.Build.0 = Release|Any CPU
		{45BF07FF-2F03-4B26-AB64-A58D8656E67A}.Debug|Any CPU.ActiveCfg = Debug|Any CPU
		{45BF07FF-2F03-4B26-AB64-A58D8656E67A}.Debug|Any CPU.Build.0 = Debug|Any CPU
		{45BF07FF-2F03-4B26-AB64-A58D8656E67A}.Release|Any CPU.ActiveCfg = Release|Any CPU
		{45BF07FF-2F03-4B26-AB64-A58D8656E67A}.Release|Any CPU.Build.0 = Release|Any CPU
		{F8002DF7-BC05-44E9-8EBD-F49B6D52ACFA}.Debug|Any CPU.ActiveCfg = Debug|Any CPU
		{F8002DF7-BC05-44E9-8EBD-F49B6D52ACFA}.Debug|Any CPU.Build.0 = Debug|Any CPU
		{F8002DF7-BC05-44E9-8EBD-F49B6D52ACFA}.Release|Any CPU.ActiveCfg = Release|Any CPU
		{F8002DF7-BC05-44E9-8EBD-F49B6D52ACFA}.Release|Any CPU.Build.0 = Release|Any CPU
		{C8963D2A-2B72-499C-B3D8-A5934CCCB83E}.Debug|Any CPU.ActiveCfg = Debug|Any CPU
		{C8963D2A-2B72-499C-B3D8-A5934CCCB83E}.Debug|Any CPU.Build.0 = Debug|Any CPU
		{C8963D2A-2B72-499C-B3D8-A5934CCCB83E}.Release|Any CPU.ActiveCfg = Release|Any CPU
		{C8963D2A-2B72-499C-B3D8-A5934CCCB83E}.Release|Any CPU.Build.0 = Release|Any CPU
		{76741F45-90D0-4B28-9D95-B4342C0ABDD9}.Debug|Any CPU.ActiveCfg = Debug|Any CPU
		{76741F45-90D0-4B28-9D95-B4342C0ABDD9}.Debug|Any CPU.Build.0 = Debug|Any CPU
		{76741F45-90D0-4B28-9D95-B4342C0ABDD9}.Release|Any CPU.ActiveCfg = Release|Any CPU
		{76741F45-90D0-4B28-9D95-B4342C0ABDD9}.Release|Any CPU.Build.0 = Release|Any CPU
		{A215C199-16A6-4883-BB7C-4450067EA31E}.Debug|Any CPU.ActiveCfg = Debug|Any CPU
		{A215C199-16A6-4883-BB7C-4450067EA31E}.Debug|Any CPU.Build.0 = Debug|Any CPU
		{A215C199-16A6-4883-BB7C-4450067EA31E}.Release|Any CPU.ActiveCfg = Release|Any CPU
		{A215C199-16A6-4883-BB7C-4450067EA31E}.Release|Any CPU.Build.0 = Release|Any CPU
	EndGlobalSection
	GlobalSection(SolutionProperties) = preSolution
		HideSolutionNode = FALSE
	EndGlobalSection
	GlobalSection(NestedProjects) = preSolution
		{32C23DF0-BE08-4690-87C3-FB6493EF5594} = {7CC5111F-B5A4-49B0-850F-BEBE9DF7125C}
		{68059500-2AD5-4168-B8AE-9B327FEF1495} = {7CC5111F-B5A4-49B0-850F-BEBE9DF7125C}
		{6D51769C-DD70-4D31-B92E-40E097E24104} = {7CC5111F-B5A4-49B0-850F-BEBE9DF7125C}
		{5A5B366D-C5B9-4798-BE24-90CFB8D43B6B} = {7CC5111F-B5A4-49B0-850F-BEBE9DF7125C}
		{2F9240E2-B091-4556-B824-CBD6BF4B6499} = {7CC5111F-B5A4-49B0-850F-BEBE9DF7125C}
		{79A23B12-9501-4EF1-8A27-8718D83521D3} = {7CC5111F-B5A4-49B0-850F-BEBE9DF7125C}
		{222A1B93-299C-4210-8851-FE75850F263D} = {7CC5111F-B5A4-49B0-850F-BEBE9DF7125C}
		{922731C1-4227-45C3-B80D-70963D78E446} = {7CC5111F-B5A4-49B0-850F-BEBE9DF7125C}
		{265B7B13-AC7A-4FB6-87B9-3E7394875E13} = {7CC5111F-B5A4-49B0-850F-BEBE9DF7125C}
		{80364C45-F99D-4CB2-84D3-96FB81C7BF53} = {7CC5111F-B5A4-49B0-850F-BEBE9DF7125C}
		{25DA9366-9D75-4005-BE62-64D46A107EA5} = {7CC5111F-B5A4-49B0-850F-BEBE9DF7125C}
		{BCF64B5D-45DA-4B89-8740-A7935FF52D5F} = {7CC5111F-B5A4-49B0-850F-BEBE9DF7125C}
		{E81CFCCE-1FAD-4882-BBC6-8DAC028966F8} = {7CC5111F-B5A4-49B0-850F-BEBE9DF7125C}
		{AF8C4F3B-BC1B-4AB4-8AF9-82FE6ED77A6B} = {A25B2715-676E-4E68-BCA6-1B6553C51FD4}
		{F3C6CEAE-FC35-4704-BDBB-CCF363CBC5E4} = {A25B2715-676E-4E68-BCA6-1B6553C51FD4}
		{94862D26-F641-45E0-B82D-24EA54CFCCF8} = {A25B2715-676E-4E68-BCA6-1B6553C51FD4}
		{7352E8B9-E1F0-4107-A700-34131A33AED7} = {A25B2715-676E-4E68-BCA6-1B6553C51FD4}
		{8DCCEF3D-BE27-47F2-A68E-A31C284B656D} = {A25B2715-676E-4E68-BCA6-1B6553C51FD4}
		{7B308522-C054-4345-8B5E-C0F5F8742250} = {A25B2715-676E-4E68-BCA6-1B6553C51FD4}
		{1290213D-E5B5-423A-83F4-1CE466C3E6E5} = {A25B2715-676E-4E68-BCA6-1B6553C51FD4}
		{48C5F367-32FE-4794-9F42-AB24FC955A42} = {A25B2715-676E-4E68-BCA6-1B6553C51FD4}
		{4FAC871D-7B72-468B-B9B4-FE8D6A37479B} = {A25B2715-676E-4E68-BCA6-1B6553C51FD4}
		{7D646ADD-2D99-46A2-AAD4-38DBA1B924F4} = {A25B2715-676E-4E68-BCA6-1B6553C51FD4}
		{49F210AE-0C53-4130-8F15-27524701F378} = {7CC5111F-B5A4-49B0-850F-BEBE9DF7125C}
		{46F5B401-668D-4CBD-9E90-C0DE4002AEDA} = {A25B2715-676E-4E68-BCA6-1B6553C51FD4}
		{C4720743-C86D-4977-A168-3B33C30E1884} = {7CC5111F-B5A4-49B0-850F-BEBE9DF7125C}
		{45BF07FF-2F03-4B26-AB64-A58D8656E67A} = {7CC5111F-B5A4-49B0-850F-BEBE9DF7125C}
		{C8963D2A-2B72-499C-B3D8-A5934CCCB83E} = {A25B2715-676E-4E68-BCA6-1B6553C51FD4}
		{76741F45-90D0-4B28-9D95-B4342C0ABDD9} = {A25B2715-676E-4E68-BCA6-1B6553C51FD4}
		{A215C199-16A6-4883-BB7C-4450067EA31E} = {A25B2715-676E-4E68-BCA6-1B6553C51FD4}
	EndGlobalSection
	GlobalSection(ExtensibilityGlobals) = postSolution
		SolutionGuid = {31CC853B-701B-463B-96B8-9E85C0571B38}
	EndGlobalSection
EndGlobal
